// !$*UTF8*$!
{
	archiveVersion = 1;
	classes = {
	};
	objectVersion = 50;
	objects = {

/* Begin PBXBuildFile section */
		FC11CA43241296F30015324E /* MusicScene.swift in Sources */ = {isa = PBXBuildFile; fileRef = FC11CA42241296F30015324E /* MusicScene.swift */; };
		FC11CA45241456830015324E /* Sorry.mp3 in Resources */ = {isa = PBXBuildFile; fileRef = FC11CA44241456830015324E /* Sorry.mp3 */; };
		FC11CA47241457210015324E /* home.mp3 in Resources */ = {isa = PBXBuildFile; fileRef = FC11CA46241457210015324E /* home.mp3 */; };
		FC158FAF23FAFD7100BE53DF /* GoogleService-Info.plist in Resources */ = {isa = PBXBuildFile; fileRef = FC158FAE23FAFD7100BE53DF /* GoogleService-Info.plist */; };
		FC19B84324037A770098675F /* SpeedScene.swift in Sources */ = {isa = PBXBuildFile; fileRef = FC19B84224037A760098675F /* SpeedScene.swift */; };
		FC19B84524044CB20098675F /* HighscoreScene.swift in Sources */ = {isa = PBXBuildFile; fileRef = FC19B84424044CB20098675F /* HighscoreScene.swift */; };
		FC19B8472406B7E30098675F /* SettingScene.swift in Sources */ = {isa = PBXBuildFile; fileRef = FC19B8462406B7E30098675F /* SettingScene.swift */; };
		FC3B912C23EB890800547087 /* Fire.sks in Resources */ = {isa = PBXBuildFile; fileRef = FC3B912B23EB890800547087 /* Fire.sks */; };
		FC3B913023EB8A1F00547087 /* Assets.xcassets in Resources */ = {isa = PBXBuildFile; fileRef = FC3B912F23EB8A1E00547087 /* Assets.xcassets */; };
		FC3B913223EB8AAC00547087 /* ArcadeFont.ttf in Resources */ = {isa = PBXBuildFile; fileRef = FC3B913123EB8AAC00547087 /* ArcadeFont.ttf */; };
		FC92FFB22401CFB500AEE0E8 /* GamemodeScene.swift in Sources */ = {isa = PBXBuildFile; fileRef = FC92FFB12401CFB500AEE0E8 /* GamemodeScene.swift */; };
		FCB3721A240982D70072B70D /* PublicFunc.swift in Sources */ = {isa = PBXBuildFile; fileRef = FCB37219240982D70072B70D /* PublicFunc.swift */; };
		FCB3721E240B04260072B70D /* ClassicScene.swift in Sources */ = {isa = PBXBuildFile; fileRef = FCB3721D240B04260072B70D /* ClassicScene.swift */; };
		FCB37220240DAD680072B70D /* BackgroundScene.swift in Sources */ = {isa = PBXBuildFile; fileRef = FCB3721F240DAD680072B70D /* BackgroundScene.swift */; };
		FCBF530423EB8503004EF9E2 /* AppDelegate.swift in Sources */ = {isa = PBXBuildFile; fileRef = FCBF530323EB8503004EF9E2 /* AppDelegate.swift */; };
		FCBF530623EB8503004EF9E2 /* GameScene.sks in Resources */ = {isa = PBXBuildFile; fileRef = FCBF530523EB8503004EF9E2 /* GameScene.sks */; };
		FCBF530823EB8503004EF9E2 /* Actions.sks in Resources */ = {isa = PBXBuildFile; fileRef = FCBF530723EB8503004EF9E2 /* Actions.sks */; };
		FCBF530A23EB8503004EF9E2 /* GameScene.swift in Sources */ = {isa = PBXBuildFile; fileRef = FCBF530923EB8503004EF9E2 /* GameScene.swift */; };
		FCBF530C23EB8503004EF9E2 /* GameViewController.swift in Sources */ = {isa = PBXBuildFile; fileRef = FCBF530B23EB8503004EF9E2 /* GameViewController.swift */; };
		FCBF530F23EB8503004EF9E2 /* Main.storyboard in Resources */ = {isa = PBXBuildFile; fileRef = FCBF530D23EB8503004EF9E2 /* Main.storyboard */; };
		FCBF531423EB8505004EF9E2 /* LaunchScreen.storyboard in Resources */ = {isa = PBXBuildFile; fileRef = FCBF531223EB8505004EF9E2 /* LaunchScreen.storyboard */; };
		FCBF531F23EB8505004EF9E2 /* Astral_ShapesTests.swift in Sources */ = {isa = PBXBuildFile; fileRef = FCBF531E23EB8505004EF9E2 /* Astral_ShapesTests.swift */; };
		FCBF532A23EB8505004EF9E2 /* Astral_ShapesUITests.swift in Sources */ = {isa = PBXBuildFile; fileRef = FCBF532923EB8505004EF9E2 /* Astral_ShapesUITests.swift */; };
		FCBF533A23EB8609004EF9E2 /* MenuScene.swift in Sources */ = {isa = PBXBuildFile; fileRef = FCBF533923EB8609004EF9E2 /* MenuScene.swift */; };
		FCBF533C23EB8638004EF9E2 /* HowToScene.swift in Sources */ = {isa = PBXBuildFile; fileRef = FCBF533B23EB8638004EF9E2 /* HowToScene.swift */; };
		FCBF533E23EB865A004EF9E2 /* AboutScene.swift in Sources */ = {isa = PBXBuildFile; fileRef = FCBF533D23EB865A004EF9E2 /* AboutScene.swift */; };
		FCBF534023EB86D7004EF9E2 /* space.mp3 in Resources */ = {isa = PBXBuildFile; fileRef = FCBF533F23EB86D7004EF9E2 /* space.mp3 */; };
/* End PBXBuildFile section */

/* Begin PBXContainerItemProxy section */
		FCBF531B23EB8505004EF9E2 /* PBXContainerItemProxy */ = {
			isa = PBXContainerItemProxy;
			containerPortal = FCBF52F823EB8503004EF9E2 /* Project object */;
			proxyType = 1;
			remoteGlobalIDString = FCBF52FF23EB8503004EF9E2;
			remoteInfo = "Astral Shapes";
		};
		FCBF532623EB8505004EF9E2 /* PBXContainerItemProxy */ = {
			isa = PBXContainerItemProxy;
			containerPortal = FCBF52F823EB8503004EF9E2 /* Project object */;
			proxyType = 1;
			remoteGlobalIDString = FCBF52FF23EB8503004EF9E2;
			remoteInfo = "Astral Shapes";
		};
/* End PBXContainerItemProxy section */

/* Begin PBXFileReference section */
		FC11CA42241296F30015324E /* MusicScene.swift */ = {isa = PBXFileReference; lastKnownFileType = sourcecode.swift; path = MusicScene.swift; sourceTree = "<group>"; };
		FC11CA44241456830015324E /* Sorry.mp3 */ = {isa = PBXFileReference; lastKnownFileType = audio.mp3; path = Sorry.mp3; sourceTree = "<group>"; };
		FC11CA46241457210015324E /* home.mp3 */ = {isa = PBXFileReference; lastKnownFileType = audio.mp3; path = home.mp3; sourceTree = "<group>"; };
		FC158FAE23FAFD7100BE53DF /* GoogleService-Info.plist */ = {isa = PBXFileReference; fileEncoding = 4; lastKnownFileType = text.plist.xml; path = "GoogleService-Info.plist"; sourceTree = "<group>"; };
		FC19B84224037A760098675F /* SpeedScene.swift */ = {isa = PBXFileReference; lastKnownFileType = sourcecode.swift; path = SpeedScene.swift; sourceTree = "<group>"; };
		FC19B84424044CB20098675F /* HighscoreScene.swift */ = {isa = PBXFileReference; lastKnownFileType = sourcecode.swift; path = HighscoreScene.swift; sourceTree = "<group>"; };
		FC19B8462406B7E30098675F /* SettingScene.swift */ = {isa = PBXFileReference; lastKnownFileType = sourcecode.swift; path = SettingScene.swift; sourceTree = "<group>"; };
		FC19B8512406F33A0098675F /* en */ = {isa = PBXFileReference; lastKnownFileType = file.storyboard; name = en; path = en.lproj/Main.storyboard; sourceTree = "<group>"; };
		FC19B8522406F33A0098675F /* en */ = {isa = PBXFileReference; lastKnownFileType = file.storyboard; name = en; path = en.lproj/LaunchScreen.storyboard; sourceTree = "<group>"; };
		FC3B912B23EB890800547087 /* Fire.sks */ = {isa = PBXFileReference; lastKnownFileType = file.sks; path = Fire.sks; sourceTree = "<group>"; };
		FC3B912F23EB8A1E00547087 /* Assets.xcassets */ = {isa = PBXFileReference; lastKnownFileType = folder.assetcatalog; name = Assets.xcassets; path = "Astral Shapes/Assets.xcassets"; sourceTree = SOURCE_ROOT; };
		FC3B913123EB8AAC00547087 /* ArcadeFont.ttf */ = {isa = PBXFileReference; lastKnownFileType = file; path = ArcadeFont.ttf; sourceTree = "<group>"; };
		FC92FFB12401CFB500AEE0E8 /* GamemodeScene.swift */ = {isa = PBXFileReference; lastKnownFileType = sourcecode.swift; path = GamemodeScene.swift; sourceTree = "<group>"; };
		FCB37219240982D70072B70D /* PublicFunc.swift */ = {isa = PBXFileReference; lastKnownFileType = sourcecode.swift; path = PublicFunc.swift; sourceTree = "<group>"; };
		FCB3721D240B04260072B70D /* ClassicScene.swift */ = {isa = PBXFileReference; lastKnownFileType = sourcecode.swift; path = ClassicScene.swift; sourceTree = "<group>"; };
		FCB3721F240DAD680072B70D /* BackgroundScene.swift */ = {isa = PBXFileReference; lastKnownFileType = sourcecode.swift; path = BackgroundScene.swift; sourceTree = "<group>"; };
		FCBF530023EB8503004EF9E2 /* Astral Shapes.app */ = {isa = PBXFileReference; explicitFileType = wrapper.application; includeInIndex = 0; path = "Astral Shapes.app"; sourceTree = BUILT_PRODUCTS_DIR; };
		FCBF530323EB8503004EF9E2 /* AppDelegate.swift */ = {isa = PBXFileReference; lastKnownFileType = sourcecode.swift; path = AppDelegate.swift; sourceTree = "<group>"; };
		FCBF530523EB8503004EF9E2 /* GameScene.sks */ = {isa = PBXFileReference; lastKnownFileType = file.sks; path = GameScene.sks; sourceTree = "<group>"; };
		FCBF530723EB8503004EF9E2 /* Actions.sks */ = {isa = PBXFileReference; lastKnownFileType = file.sks; path = Actions.sks; sourceTree = "<group>"; };
		FCBF530923EB8503004EF9E2 /* GameScene.swift */ = {isa = PBXFileReference; lastKnownFileType = sourcecode.swift; path = GameScene.swift; sourceTree = "<group>"; };
		FCBF530B23EB8503004EF9E2 /* GameViewController.swift */ = {isa = PBXFileReference; lastKnownFileType = sourcecode.swift; path = GameViewController.swift; sourceTree = "<group>"; };
		FCBF531523EB8505004EF9E2 /* Info.plist */ = {isa = PBXFileReference; lastKnownFileType = text.plist.xml; path = Info.plist; sourceTree = "<group>"; };
		FCBF531A23EB8505004EF9E2 /* Astral ShapesTests.xctest */ = {isa = PBXFileReference; explicitFileType = wrapper.cfbundle; includeInIndex = 0; path = "Astral ShapesTests.xctest"; sourceTree = BUILT_PRODUCTS_DIR; };
		FCBF531E23EB8505004EF9E2 /* Astral_ShapesTests.swift */ = {isa = PBXFileReference; lastKnownFileType = sourcecode.swift; path = Astral_ShapesTests.swift; sourceTree = "<group>"; };
		FCBF532023EB8505004EF9E2 /* Info.plist */ = {isa = PBXFileReference; lastKnownFileType = text.plist.xml; path = Info.plist; sourceTree = "<group>"; };
		FCBF532523EB8505004EF9E2 /* Astral ShapesUITests.xctest */ = {isa = PBXFileReference; explicitFileType = wrapper.cfbundle; includeInIndex = 0; path = "Astral ShapesUITests.xctest"; sourceTree = BUILT_PRODUCTS_DIR; };
		FCBF532923EB8505004EF9E2 /* Astral_ShapesUITests.swift */ = {isa = PBXFileReference; lastKnownFileType = sourcecode.swift; path = Astral_ShapesUITests.swift; sourceTree = "<group>"; };
		FCBF532B23EB8505004EF9E2 /* Info.plist */ = {isa = PBXFileReference; lastKnownFileType = text.plist.xml; path = Info.plist; sourceTree = "<group>"; };
		FCBF533923EB8609004EF9E2 /* MenuScene.swift */ = {isa = PBXFileReference; lastKnownFileType = sourcecode.swift; path = MenuScene.swift; sourceTree = "<group>"; };
		FCBF533B23EB8638004EF9E2 /* HowToScene.swift */ = {isa = PBXFileReference; lastKnownFileType = sourcecode.swift; path = HowToScene.swift; sourceTree = "<group>"; };
		FCBF533D23EB865A004EF9E2 /* AboutScene.swift */ = {isa = PBXFileReference; lastKnownFileType = sourcecode.swift; path = AboutScene.swift; sourceTree = "<group>"; };
		FCBF533F23EB86D7004EF9E2 /* space.mp3 */ = {isa = PBXFileReference; lastKnownFileType = audio.mp3; path = space.mp3; sourceTree = "<group>"; };
/* End PBXFileReference section */

/* Begin PBXFrameworksBuildPhase section */
		FCBF52FD23EB8503004EF9E2 /* Frameworks */ = {
			isa = PBXFrameworksBuildPhase;
			buildActionMask = 2147483647;
			files = (
			);
			runOnlyForDeploymentPostprocessing = 0;
		};
		FCBF531723EB8505004EF9E2 /* Frameworks */ = {
			isa = PBXFrameworksBuildPhase;
			buildActionMask = 2147483647;
			files = (
			);
			runOnlyForDeploymentPostprocessing = 0;
		};
		FCBF532223EB8505004EF9E2 /* Frameworks */ = {
			isa = PBXFrameworksBuildPhase;
			buildActionMask = 2147483647;
			files = (
			);
			runOnlyForDeploymentPostprocessing = 0;
		};
/* End PBXFrameworksBuildPhase section */

/* Begin PBXGroup section */
		FC92FFB42401CFFF00AEE0E8 /* Assets */ = {
			isa = PBXGroup;
			children = (
				FC11CA44241456830015324E /* Sorry.mp3 */,
				FC11CA46241457210015324E /* home.mp3 */,
				FCBF533F23EB86D7004EF9E2 /* space.mp3 */,
			);
			path = Assets;
			sourceTree = "<group>";
		};
		FCBF52F723EB8503004EF9E2 = {
			isa = PBXGroup;
			children = (
				FCBF530223EB8503004EF9E2 /* Astral Shapes */,
				FCBF531D23EB8505004EF9E2 /* Astral ShapesTests */,
				FCBF532823EB8505004EF9E2 /* Astral ShapesUITests */,
				FCBF530123EB8503004EF9E2 /* Products */,
				FC3B913123EB8AAC00547087 /* ArcadeFont.ttf */,
			);
			sourceTree = "<group>";
		};
		FCBF530123EB8503004EF9E2 /* Products */ = {
			isa = PBXGroup;
			children = (
				FCBF530023EB8503004EF9E2 /* Astral Shapes.app */,
				FCBF531A23EB8505004EF9E2 /* Astral ShapesTests.xctest */,
				FCBF532523EB8505004EF9E2 /* Astral ShapesUITests.xctest */,
			);
			name = Products;
			sourceTree = "<group>";
		};
		FCBF530223EB8503004EF9E2 /* Astral Shapes */ = {
			isa = PBXGroup;
			children = (
				FCBF530323EB8503004EF9E2 /* AppDelegate.swift */,
				FCB37219240982D70072B70D /* PublicFunc.swift */,
				FCBF533923EB8609004EF9E2 /* MenuScene.swift */,
				FC19B8462406B7E30098675F /* SettingScene.swift */,
				FC11CA42241296F30015324E /* MusicScene.swift */,
				FC92FFB12401CFB500AEE0E8 /* GamemodeScene.swift */,
				FC19B84424044CB20098675F /* HighscoreScene.swift */,
				FCBF533D23EB865A004EF9E2 /* AboutScene.swift */,
				FCB3721F240DAD680072B70D /* BackgroundScene.swift */,
				FCBF533B23EB8638004EF9E2 /* HowToScene.swift */,
				FC19B84224037A760098675F /* SpeedScene.swift */,
				FCB3721D240B04260072B70D /* ClassicScene.swift */,
				FCBF530923EB8503004EF9E2 /* GameScene.swift */,
				FCBF530B23EB8503004EF9E2 /* GameViewController.swift */,
				FC92FFB42401CFFF00AEE0E8 /* Assets */,
				FC3B912F23EB8A1E00547087 /* Assets.xcassets */,
				FCBF530523EB8503004EF9E2 /* GameScene.sks */,
				FCBF530723EB8503004EF9E2 /* Actions.sks */,
				FC3B912B23EB890800547087 /* Fire.sks */,
				FCBF530D23EB8503004EF9E2 /* Main.storyboard */,
				FCBF531223EB8505004EF9E2 /* LaunchScreen.storyboard */,
				FCBF531523EB8505004EF9E2 /* Info.plist */,
				FC158FAE23FAFD7100BE53DF /* GoogleService-Info.plist */,
			);
			path = "Astral Shapes";
			sourceTree = "<group>";
		};
		FCBF531D23EB8505004EF9E2 /* Astral ShapesTests */ = {
			isa = PBXGroup;
			children = (
				FCBF531E23EB8505004EF9E2 /* Astral_ShapesTests.swift */,
				FCBF532023EB8505004EF9E2 /* Info.plist */,
			);
			path = "Astral ShapesTests";
			sourceTree = "<group>";
		};
		FCBF532823EB8505004EF9E2 /* Astral ShapesUITests */ = {
			isa = PBXGroup;
			children = (
				FCBF532923EB8505004EF9E2 /* Astral_ShapesUITests.swift */,
				FCBF532B23EB8505004EF9E2 /* Info.plist */,
			);
			path = "Astral ShapesUITests";
			sourceTree = "<group>";
		};
/* End PBXGroup section */

/* Begin PBXNativeTarget section */
		FCBF52FF23EB8503004EF9E2 /* Astral Shapes */ = {
			isa = PBXNativeTarget;
			buildConfigurationList = FCBF532E23EB8505004EF9E2 /* Build configuration list for PBXNativeTarget "Astral Shapes" */;
			buildPhases = (
				FCBF52FC23EB8503004EF9E2 /* Sources */,
				FCBF52FD23EB8503004EF9E2 /* Frameworks */,
				FCBF52FE23EB8503004EF9E2 /* Resources */,
			);
			buildRules = (
			);
			dependencies = (
			);
			name = "Astral Shapes";
			productName = "Astral Shapes";
			productReference = FCBF530023EB8503004EF9E2 /* Astral Shapes.app */;
			productType = "com.apple.product-type.application";
		};
		FCBF531923EB8505004EF9E2 /* Astral ShapesTests */ = {
			isa = PBXNativeTarget;
			buildConfigurationList = FCBF533123EB8505004EF9E2 /* Build configuration list for PBXNativeTarget "Astral ShapesTests" */;
			buildPhases = (
				FCBF531623EB8505004EF9E2 /* Sources */,
				FCBF531723EB8505004EF9E2 /* Frameworks */,
				FCBF531823EB8505004EF9E2 /* Resources */,
			);
			buildRules = (
			);
			dependencies = (
				FCBF531C23EB8505004EF9E2 /* PBXTargetDependency */,
			);
			name = "Astral ShapesTests";
			productName = "Astral ShapesTests";
			productReference = FCBF531A23EB8505004EF9E2 /* Astral ShapesTests.xctest */;
			productType = "com.apple.product-type.bundle.unit-test";
		};
		FCBF532423EB8505004EF9E2 /* Astral ShapesUITests */ = {
			isa = PBXNativeTarget;
			buildConfigurationList = FCBF533423EB8505004EF9E2 /* Build configuration list for PBXNativeTarget "Astral ShapesUITests" */;
			buildPhases = (
				FCBF532123EB8505004EF9E2 /* Sources */,
				FCBF532223EB8505004EF9E2 /* Frameworks */,
				FCBF532323EB8505004EF9E2 /* Resources */,
			);
			buildRules = (
			);
			dependencies = (
				FCBF532723EB8505004EF9E2 /* PBXTargetDependency */,
			);
			name = "Astral ShapesUITests";
			productName = "Astral ShapesUITests";
			productReference = FCBF532523EB8505004EF9E2 /* Astral ShapesUITests.xctest */;
			productType = "com.apple.product-type.bundle.ui-testing";
		};
/* End PBXNativeTarget section */

/* Begin PBXProject section */
		FCBF52F823EB8503004EF9E2 /* Project object */ = {
			isa = PBXProject;
			attributes = {
				LastSwiftUpdateCheck = 1130;
				LastUpgradeCheck = 1130;
				ORGANIZATIONNAME = JordanKlein;
				TargetAttributes = {
					FCBF52FF23EB8503004EF9E2 = {
						CreatedOnToolsVersion = 11.3.1;
					};
					FCBF531923EB8505004EF9E2 = {
						CreatedOnToolsVersion = 11.3.1;
						TestTargetID = FCBF52FF23EB8503004EF9E2;
					};
					FCBF532423EB8505004EF9E2 = {
						CreatedOnToolsVersion = 11.3.1;
						TestTargetID = FCBF52FF23EB8503004EF9E2;
					};
				};
			};
			buildConfigurationList = FCBF52FB23EB8503004EF9E2 /* Build configuration list for PBXProject "Astral Shapes" */;
			compatibilityVersion = "Xcode 9.3";
			developmentRegion = en;
			hasScannedForEncodings = 0;
			knownRegions = (
				en,
				"es-419",
			);
			mainGroup = FCBF52F723EB8503004EF9E2;
			productRefGroup = FCBF530123EB8503004EF9E2 /* Products */;
			projectDirPath = "";
			projectRoot = "";
			targets = (
				FCBF52FF23EB8503004EF9E2 /* Astral Shapes */,
				FCBF531923EB8505004EF9E2 /* Astral ShapesTests */,
				FCBF532423EB8505004EF9E2 /* Astral ShapesUITests */,
			);
		};
/* End PBXProject section */

/* Begin PBXResourcesBuildPhase section */
		FCBF52FE23EB8503004EF9E2 /* Resources */ = {
			isa = PBXResourcesBuildPhase;
			buildActionMask = 2147483647;
			files = (
				FC3B912C23EB890800547087 /* Fire.sks in Resources */,
				FC3B913223EB8AAC00547087 /* ArcadeFont.ttf in Resources */,
				FC158FAF23FAFD7100BE53DF /* GoogleService-Info.plist in Resources */,
				FCBF530F23EB8503004EF9E2 /* Main.storyboard in Resources */,
				FC11CA45241456830015324E /* Sorry.mp3 in Resources */,
				FCBF534023EB86D7004EF9E2 /* space.mp3 in Resources */,
				FCBF530623EB8503004EF9E2 /* GameScene.sks in Resources */,
				FC3B913023EB8A1F00547087 /* Assets.xcassets in Resources */,
				FC11CA47241457210015324E /* home.mp3 in Resources */,
				FCBF531423EB8505004EF9E2 /* LaunchScreen.storyboard in Resources */,
				FCBF530823EB8503004EF9E2 /* Actions.sks in Resources */,
			);
			runOnlyForDeploymentPostprocessing = 0;
		};
		FCBF531823EB8505004EF9E2 /* Resources */ = {
			isa = PBXResourcesBuildPhase;
			buildActionMask = 2147483647;
			files = (
			);
			runOnlyForDeploymentPostprocessing = 0;
		};
		FCBF532323EB8505004EF9E2 /* Resources */ = {
			isa = PBXResourcesBuildPhase;
			buildActionMask = 2147483647;
			files = (
			);
			runOnlyForDeploymentPostprocessing = 0;
		};
/* End PBXResourcesBuildPhase section */

/* Begin PBXSourcesBuildPhase section */
		FCBF52FC23EB8503004EF9E2 /* Sources */ = {
			isa = PBXSourcesBuildPhase;
			buildActionMask = 2147483647;
			files = (
				FCB37220240DAD680072B70D /* BackgroundScene.swift in Sources */,
				FCBF530A23EB8503004EF9E2 /* GameScene.swift in Sources */,
				FC11CA43241296F30015324E /* MusicScene.swift in Sources */,
				FCB3721A240982D70072B70D /* PublicFunc.swift in Sources */,
				FCBF533E23EB865A004EF9E2 /* AboutScene.swift in Sources */,
				FC19B84324037A770098675F /* SpeedScene.swift in Sources */,
				FC19B8472406B7E30098675F /* SettingScene.swift in Sources */,
				FC19B84524044CB20098675F /* HighscoreScene.swift in Sources */,
				FCBF533A23EB8609004EF9E2 /* MenuScene.swift in Sources */,
				FCB3721E240B04260072B70D /* ClassicScene.swift in Sources */,
				FCBF533C23EB8638004EF9E2 /* HowToScene.swift in Sources */,
				FC92FFB22401CFB500AEE0E8 /* GamemodeScene.swift in Sources */,
				FCBF530C23EB8503004EF9E2 /* GameViewController.swift in Sources */,
				FCBF530423EB8503004EF9E2 /* AppDelegate.swift in Sources */,
			);
			runOnlyForDeploymentPostprocessing = 0;
		};
		FCBF531623EB8505004EF9E2 /* Sources */ = {
			isa = PBXSourcesBuildPhase;
			buildActionMask = 2147483647;
			files = (
				FCBF531F23EB8505004EF9E2 /* Astral_ShapesTests.swift in Sources */,
			);
			runOnlyForDeploymentPostprocessing = 0;
		};
		FCBF532123EB8505004EF9E2 /* Sources */ = {
			isa = PBXSourcesBuildPhase;
			buildActionMask = 2147483647;
			files = (
				FCBF532A23EB8505004EF9E2 /* Astral_ShapesUITests.swift in Sources */,
			);
			runOnlyForDeploymentPostprocessing = 0;
		};
/* End PBXSourcesBuildPhase section */

/* Begin PBXTargetDependency section */
		FCBF531C23EB8505004EF9E2 /* PBXTargetDependency */ = {
			isa = PBXTargetDependency;
			target = FCBF52FF23EB8503004EF9E2 /* Astral Shapes */;
			targetProxy = FCBF531B23EB8505004EF9E2 /* PBXContainerItemProxy */;
		};
		FCBF532723EB8505004EF9E2 /* PBXTargetDependency */ = {
			isa = PBXTargetDependency;
			target = FCBF52FF23EB8503004EF9E2 /* Astral Shapes */;
			targetProxy = FCBF532623EB8505004EF9E2 /* PBXContainerItemProxy */;
		};
/* End PBXTargetDependency section */

/* Begin PBXVariantGroup section */
		FCBF530D23EB8503004EF9E2 /* Main.storyboard */ = {
			isa = PBXVariantGroup;
			children = (
				FC19B8512406F33A0098675F /* en */,
			);
			name = Main.storyboard;
			sourceTree = "<group>";
		};
		FCBF531223EB8505004EF9E2 /* LaunchScreen.storyboard */ = {
			isa = PBXVariantGroup;
			children = (
				FC19B8522406F33A0098675F /* en */,
			);
			name = LaunchScreen.storyboard;
			sourceTree = "<group>";
		};
/* End PBXVariantGroup section */

/* Begin XCBuildConfiguration section */
		FCBF532C23EB8505004EF9E2 /* Debug */ = {
			isa = XCBuildConfiguration;
			buildSettings = {
				ALWAYS_SEARCH_USER_PATHS = NO;
				CLANG_ANALYZER_LOCALIZABILITY_NONLOCALIZED = YES;
				CLANG_ANALYZER_NONNULL = YES;
				CLANG_ANALYZER_NUMBER_OBJECT_CONVERSION = YES_AGGRESSIVE;
				CLANG_CXX_LANGUAGE_STANDARD = "gnu++14";
				CLANG_CXX_LIBRARY = "libc++";
				CLANG_ENABLE_MODULES = YES;
				CLANG_ENABLE_OBJC_ARC = YES;
				CLANG_ENABLE_OBJC_WEAK = YES;
				CLANG_WARN_BLOCK_CAPTURE_AUTORELEASING = YES;
				CLANG_WARN_BOOL_CONVERSION = YES;
				CLANG_WARN_COMMA = YES;
				CLANG_WARN_CONSTANT_CONVERSION = YES;
				CLANG_WARN_DEPRECATED_OBJC_IMPLEMENTATIONS = YES;
				CLANG_WARN_DIRECT_OBJC_ISA_USAGE = YES_ERROR;
				CLANG_WARN_DOCUMENTATION_COMMENTS = YES;
				CLANG_WARN_EMPTY_BODY = YES;
				CLANG_WARN_ENUM_CONVERSION = YES;
				CLANG_WARN_INFINITE_RECURSION = YES;
				CLANG_WARN_INT_CONVERSION = YES;
				CLANG_WARN_NON_LITERAL_NULL_CONVERSION = YES;
				CLANG_WARN_OBJC_IMPLICIT_RETAIN_SELF = YES;
				CLANG_WARN_OBJC_LITERAL_CONVERSION = YES;
				CLANG_WARN_OBJC_ROOT_CLASS = YES_ERROR;
				CLANG_WARN_RANGE_LOOP_ANALYSIS = YES;
				CLANG_WARN_STRICT_PROTOTYPES = YES;
				CLANG_WARN_SUSPICIOUS_MOVE = YES;
				CLANG_WARN_UNGUARDED_AVAILABILITY = YES_AGGRESSIVE;
				CLANG_WARN_UNREACHABLE_CODE = YES;
				CLANG_WARN__DUPLICATE_METHOD_MATCH = YES;
				COPY_PHASE_STRIP = NO;
				DEBUG_INFORMATION_FORMAT = dwarf;
				ENABLE_STRICT_OBJC_MSGSEND = YES;
				ENABLE_TESTABILITY = YES;
				GCC_C_LANGUAGE_STANDARD = gnu11;
				GCC_DYNAMIC_NO_PIC = NO;
				GCC_NO_COMMON_BLOCKS = YES;
				GCC_OPTIMIZATION_LEVEL = 0;
				GCC_PREPROCESSOR_DEFINITIONS = (
					"DEBUG=1",
					"$(inherited)",
				);
				GCC_WARN_64_TO_32_BIT_CONVERSION = YES;
				GCC_WARN_ABOUT_RETURN_TYPE = YES_ERROR;
				GCC_WARN_UNDECLARED_SELECTOR = YES;
				GCC_WARN_UNINITIALIZED_AUTOS = YES_AGGRESSIVE;
				GCC_WARN_UNUSED_FUNCTION = YES;
				GCC_WARN_UNUSED_VARIABLE = YES;
				IPHONEOS_DEPLOYMENT_TARGET = 13.2;
				MTL_ENABLE_DEBUG_INFO = INCLUDE_SOURCE;
				MTL_FAST_MATH = YES;
				ONLY_ACTIVE_ARCH = YES;
				SDKROOT = iphoneos;
				SWIFT_ACTIVE_COMPILATION_CONDITIONS = DEBUG;
				SWIFT_OPTIMIZATION_LEVEL = "-Onone";
			};
			name = Debug;
		};
		FCBF532D23EB8505004EF9E2 /* Release */ = {
			isa = XCBuildConfiguration;
			buildSettings = {
				ALWAYS_SEARCH_USER_PATHS = NO;
				CLANG_ANALYZER_LOCALIZABILITY_NONLOCALIZED = YES;
				CLANG_ANALYZER_NONNULL = YES;
				CLANG_ANALYZER_NUMBER_OBJECT_CONVERSION = YES_AGGRESSIVE;
				CLANG_CXX_LANGUAGE_STANDARD = "gnu++14";
				CLANG_CXX_LIBRARY = "libc++";
				CLANG_ENABLE_MODULES = YES;
				CLANG_ENABLE_OBJC_ARC = YES;
				CLANG_ENABLE_OBJC_WEAK = YES;
				CLANG_WARN_BLOCK_CAPTURE_AUTORELEASING = YES;
				CLANG_WARN_BOOL_CONVERSION = YES;
				CLANG_WARN_COMMA = YES;
				CLANG_WARN_CONSTANT_CONVERSION = YES;
				CLANG_WARN_DEPRECATED_OBJC_IMPLEMENTATIONS = YES;
				CLANG_WARN_DIRECT_OBJC_ISA_USAGE = YES_ERROR;
				CLANG_WARN_DOCUMENTATION_COMMENTS = YES;
				CLANG_WARN_EMPTY_BODY = YES;
				CLANG_WARN_ENUM_CONVERSION = YES;
				CLANG_WARN_INFINITE_RECURSION = YES;
				CLANG_WARN_INT_CONVERSION = YES;
				CLANG_WARN_NON_LITERAL_NULL_CONVERSION = YES;
				CLANG_WARN_OBJC_IMPLICIT_RETAIN_SELF = YES;
				CLANG_WARN_OBJC_LITERAL_CONVERSION = YES;
				CLANG_WARN_OBJC_ROOT_CLASS = YES_ERROR;
				CLANG_WARN_RANGE_LOOP_ANALYSIS = YES;
				CLANG_WARN_STRICT_PROTOTYPES = YES;
				CLANG_WARN_SUSPICIOUS_MOVE = YES;
				CLANG_WARN_UNGUARDED_AVAILABILITY = YES_AGGRESSIVE;
				CLANG_WARN_UNREACHABLE_CODE = YES;
				CLANG_WARN__DUPLICATE_METHOD_MATCH = YES;
				COPY_PHASE_STRIP = NO;
				DEBUG_INFORMATION_FORMAT = "dwarf-with-dsym";
				ENABLE_NS_ASSERTIONS = NO;
				ENABLE_STRICT_OBJC_MSGSEND = YES;
				GCC_C_LANGUAGE_STANDARD = gnu11;
				GCC_NO_COMMON_BLOCKS = YES;
				GCC_WARN_64_TO_32_BIT_CONVERSION = YES;
				GCC_WARN_ABOUT_RETURN_TYPE = YES_ERROR;
				GCC_WARN_UNDECLARED_SELECTOR = YES;
				GCC_WARN_UNINITIALIZED_AUTOS = YES_AGGRESSIVE;
				GCC_WARN_UNUSED_FUNCTION = YES;
				GCC_WARN_UNUSED_VARIABLE = YES;
				IPHONEOS_DEPLOYMENT_TARGET = 13.2;
				MTL_ENABLE_DEBUG_INFO = NO;
				MTL_FAST_MATH = YES;
				SDKROOT = iphoneos;
				SWIFT_COMPILATION_MODE = wholemodule;
				SWIFT_OPTIMIZATION_LEVEL = "-O";
				VALIDATE_PRODUCT = YES;
			};
			name = Release;
		};
		FCBF532F23EB8505004EF9E2 /* Debug */ = {
			isa = XCBuildConfiguration;
			buildSettings = {
				ASSETCATALOG_COMPILER_APPICON_NAME = AppIcon;
				CODE_SIGN_STYLE = Automatic;
				CURRENT_PROJECT_VERSION = 1;
				DEVELOPMENT_TEAM = P6XKT9A54H;
				INFOPLIST_FILE = "Astral Shapes/Info.plist";
				LD_RUNPATH_SEARCH_PATHS = (
					"$(inherited)",
					"@executable_path/Frameworks",
				);
				MARKETING_VERSION = 2.5;
				PRODUCT_BUNDLE_IDENTIFIER = com.JordanKlein.AstralShapes;
				PRODUCT_NAME = "$(TARGET_NAME)";
				SWIFT_VERSION = 5.0;
				TARGETED_DEVICE_FAMILY = "1,2";
			};
			name = Debug;
		};
		FCBF533023EB8505004EF9E2 /* Release */ = {
			isa = XCBuildConfiguration;
			buildSettings = {
				ASSETCATALOG_COMPILER_APPICON_NAME = AppIcon;
				CODE_SIGN_STYLE = Automatic;
				CURRENT_PROJECT_VERSION = 1;
				DEVELOPMENT_TEAM = P6XKT9A54H;
				INFOPLIST_FILE = "Astral Shapes/Info.plist";
				LD_RUNPATH_SEARCH_PATHS = (
					"$(inherited)",
					"@executable_path/Frameworks",
				);
				MARKETING_VERSION = 2.5;
				PRODUCT_BUNDLE_IDENTIFIER = com.JordanKlein.AstralShapes;
				PRODUCT_NAME = "$(TARGET_NAME)";
				SWIFT_VERSION = 5.0;
				TARGETED_DEVICE_FAMILY = "1,2";
			};
			name = Release;
		};
		FCBF533223EB8505004EF9E2 /* Debug */ = {
			isa = XCBuildConfiguration;
			buildSettings = {
				ALWAYS_EMBED_SWIFT_STANDARD_LIBRARIES = YES;
				BUNDLE_LOADER = "$(TEST_HOST)";
				CODE_SIGN_STYLE = Automatic;
				DEVELOPMENT_TEAM = P6XKT9A54H;
				INFOPLIST_FILE = "Astral ShapesTests/Info.plist";
				IPHONEOS_DEPLOYMENT_TARGET = 13.2;
				LD_RUNPATH_SEARCH_PATHS = (
					"$(inherited)",
					"@executable_path/Frameworks",
					"@loader_path/Frameworks",
				);
				PRODUCT_BUNDLE_IDENTIFIER = "JordanKlein.Astral-ShapesTests";
				PRODUCT_NAME = "$(TARGET_NAME)";
				SWIFT_VERSION = 5.0;
				TARGETED_DEVICE_FAMILY = "1,2";
				TEST_HOST = "$(BUILT_PRODUCTS_DIR)/Astral Shapes.app/Astral Shapes";
			};
			name = Debug;
		};
		FCBF533323EB8505004EF9E2 /* Release */ = {
			isa = XCBuildConfiguration;
			buildSettings = {
				ALWAYS_EMBED_SWIFT_STANDARD_LIBRARIES = YES;
				BUNDLE_LOADER = "$(TEST_HOST)";
				CODE_SIGN_STYLE = Automatic;
				DEVELOPMENT_TEAM = P6XKT9A54H;
				INFOPLIST_FILE = "Astral ShapesTests/Info.plist";
				IPHONEOS_DEPLOYMENT_TARGET = 13.2;
				LD_RUNPATH_SEARCH_PATHS = (
					"$(inherited)",
					"@executable_path/Frameworks",
					"@loader_path/Frameworks",
				);
				PRODUCT_BUNDLE_IDENTIFIER = "JordanKlein.Astral-ShapesTests";
				PRODUCT_NAME = "$(TARGET_NAME)";
				SWIFT_VERSION = 5.0;
				TARGETED_DEVICE_FAMILY = "1,2";
				TEST_HOST = "$(BUILT_PRODUCTS_DIR)/Astral Shapes.app/Astral Shapes";
			};
			name = Release;
		};
		FCBF533523EB8505004EF9E2 /* Debug */ = {
			isa = XCBuildConfiguration;
			buildSettings = {
				ALWAYS_EMBED_SWIFT_STANDARD_LIBRARIES = YES;
				CODE_SIGN_STYLE = Automatic;
				DEVELOPMENT_TEAM = P6XKT9A54H;
				INFOPLIST_FILE = "Astral ShapesUITests/Info.plist";
				LD_RUNPATH_SEARCH_PATHS = (
					"$(inherited)",
					"@executable_path/Frameworks",
					"@loader_path/Frameworks",
				);
				PRODUCT_BUNDLE_IDENTIFIER = "JordanKlein.Astral-ShapesUITests";
				PRODUCT_NAME = "$(TARGET_NAME)";
				SWIFT_VERSION = 5.0;
				TARGETED_DEVICE_FAMILY = "1,2";
				TEST_TARGET_NAME = "Astral Shapes";
			};
			name = Debug;
		};
		FCBF533623EB8505004EF9E2 /* Release */ = {
			isa = XCBuildConfiguration;
			buildSettings = {
				ALWAYS_EMBED_SWIFT_STANDARD_LIBRARIES = YES;
				CODE_SIGN_STYLE = Automatic;
				DEVELOPMENT_TEAM = P6XKT9A54H;
				INFOPLIST_FILE = "Astral ShapesUITests/Info.plist";
				LD_RUNPATH_SEARCH_PATHS = (
					"$(inherited)",
					"@executable_path/Frameworks",
					"@loader_path/Frameworks",
				);
				PRODUCT_BUNDLE_IDENTIFIER = "JordanKlein.Astral-ShapesUITests";
				PRODUCT_NAME = "$(TARGET_NAME)";
				SWIFT_VERSION = 5.0;
				TARGETED_DEVICE_FAMILY = "1,2";
				TEST_TARGET_NAME = "Astral Shapes";
			};
			name = Release;
		};
/* End XCBuildConfiguration section */

/* Begin XCConfigurationList section */
		FCBF52FB23EB8503004EF9E2 /* Build configuration list for PBXProject "Astral Shapes" */ = {
			isa = XCConfigurationList;
			buildConfigurations = (
				FCBF532C23EB8505004EF9E2 /* Debug */,
				FCBF532D23EB8505004EF9E2 /* Release */,
			);
			defaultConfigurationIsVisible = 0;
			defaultConfigurationName = Release;
		};
		FCBF532E23EB8505004EF9E2 /* Build configuration list for PBXNativeTarget "Astral Shapes" */ = {
			isa = XCConfigurationList;
			buildConfigurations = (
				FCBF532F23EB8505004EF9E2 /* Debug */,
				FCBF533023EB8505004EF9E2 /* Release */,
			);
			defaultConfigurationIsVisible = 0;
			defaultConfigurationName = Release;
		};
		FCBF533123EB8505004EF9E2 /* Build configuration list for PBXNativeTarget "Astral ShapesTests" */ = {
			isa = XCConfigurationList;
			buildConfigurations = (
				FCBF533223EB8505004EF9E2 /* Debug */,
				FCBF533323EB8505004EF9E2 /* Release */,
			);
			defaultConfigurationIsVisible = 0;
			defaultConfigurationName = Release;
		};
		FCBF533423EB8505004EF9E2 /* Build configuration list for PBXNativeTarget "Astral ShapesUITests" */ = {
			isa = XCConfigurationList;
			buildConfigurations = (
				FCBF533523EB8505004EF9E2 /* Debug */,
				FCBF533623EB8505004EF9E2 /* Release */,
			);
			defaultConfigurationIsVisible = 0;
			defaultConfigurationName = Release;
		};
/* End XCConfigurationList section */
	};
	rootObject = FCBF52F823EB8503004EF9E2 /* Project object */;
}
